
Microsoft Visual Studio Solution File, Format Version 12.00
# Visual Studio Version 16
VisualStudioVersion = 16.0.32228.343
MinimumVisualStudioVersion = 10.0.40219.1
Project("{9A19103F-16F7-4668-BE54-9A1E7A4F7556}") = "authenticate_console_app", "authenticate_console_app.csproj", "{28B7B974-396C-41CE-8E8D-D952E9D9D567}"
EndProject
Global
	GlobalSection(SolutionConfigurationPlatforms) = preSolution
		Debug|Any CPU = Debug|Any CPU
		Release|Any CPU = Release|Any CPU
	EndGlobalSection
	GlobalSection(ProjectConfigurationPlatforms) = postSolution
		{28B7B974-396C-41CE-8E8D-D952E9D9D567}.Debug|Any CPU.ActiveCfg = Debug|Any CPU
		{28B7B974-396C-41CE-8E8D-D952E9D9D567}.Debug|Any CPU.Build.0 = Debug|Any CPU
		{28B7B974-396C-41CE-8E8D-D952E9D9D567}.Release|Any CPU.ActiveCfg = Release|Any CPU
		{28B7B974-396C-41CE-8E8D-D952E9D9D567}.Release|Any CPU.Build.0 = Release|Any CPU
	EndGlobalSection
	GlobalSection(SolutionProperties) = preSolution
		HideSolutionNode = FALSE
	EndGlobalSection
	GlobalSection(ExtensibilityGlobals) = postSolution
		SolutionGuid = {BD4268A5-0FA3-4A43-BA7F-717F0BC30865}
	EndGlobalSection
EndGlobal
